
Microsoft Visual Studio Solution File, Format Version 12.00
# Visual Studio Version 17
VisualStudioVersion = 17.3.32929.385
MinimumVisualStudioVersion = 10.0.40219.1
Project("{FAE04EC0-301F-11D3-BF4B-00C04F79EFBC}") = "Kalkulator Tugas", "Kalkulator Tugas\Kalkulator Tugas.csproj", "{1399A86B-3334-44B4-8ECE-12D05FE072EF}"
EndProject
Global
	GlobalSection(SolutionConfigurationPlatforms) = preSolution
		Debug|Any CPU = Debug|Any CPU
		Release|Any CPU = Release|Any CPU
	EndGlobalSection
	GlobalSection(ProjectConfigurationPlatforms) = postSolution
		{1399A86B-3334-44B4-8ECE-12D05FE072EF}.Debug|Any CPU.ActiveCfg = Debug|Any CPU
		{1399A86B-3334-44B4-8ECE-12D05FE072EF}.Debug|Any CPU.Build.0 = Debug|Any CPU
		{1399A86B-3334-44B4-8ECE-12D05FE072EF}.Release|Any CPU.ActiveCfg = Release|Any CPU
		{1399A86B-3334-44B4-8ECE-12D05FE072EF}.Release|Any CPU.Build.0 = Release|Any CPU
	EndGlobalSection
	GlobalSection(SolutionProperties) = preSolution
		HideSolutionNode = FALSE
	EndGlobalSection
	GlobalSection(ExtensibilityGlobals) = postSolution
		SolutionGuid = {AB3BAB57-C99E-4BBA-8FAD-FC3940D4E327}
	EndGlobalSection
EndGlobal
